{
    "_meta": {
        "hash": {
            "sha256": "2cb1cd134456081dc9851491cc0368f3ff763670a0a0d03b77d0bb58d4eb46a8"
        },
        "pipfile-spec": 6,
        "requires": {
            "python_version": "3.8"
        },
        "sources": [
            {
                "name": "pypi",
                "url": "https://pypi.python.org/simple",
                "verify_ssl": true
            }
        ]
    },
    "default": {
        "blessed": {
            "hashes": [
                "sha256:63b8554ae2e0e7f43749b6715c734cc8f3883010a809bf16790102563e6cf25b",
                "sha256:9a0d099695bf621d4680dd6c73f6ad547f6a3442fbdbe80c4b1daa1edbc492fc"
            ],
            "version": "==1.19.1"
        },
        "bpython": {
            "hashes": [
                "sha256:72aab438052439ac89b471c4ee2a8fba6a0a082a51b0f70826e88cc0e7723298",
                "sha256:9f0078abc887c48af088691e2f64797d6ca994ac0f4bc03c38d06f657d7c052a"
            ],
            "index": "pypi",
            "version": "==0.23"
        },
        "certifi": {
            "hashes": [
                "sha256:0d9c601124e5a6ba9712dbc60d9c53c21e34f5f641fe83002317394311bdce14",
                "sha256:90c1a32f1d68f940488354e36370f6cca89f0f106db09518524c88d6ed83f382"
            ],
            "version": "==2022.9.24"
        },
        "charset-normalizer": {
            "hashes": [
                "sha256:5a3d016c7c547f69d6f81fb0db9449ce888b418b5b9952cc5e6e66843e9dd845",
                "sha256:83e9a75d1911279afd89352c68b45348559d1fc0506b054b346651b5e7fee29f"
            ],
            "version": "==2.1.1"
        },
        "curtsies": {
            "hashes": [
                "sha256:62d10f349c553845306556a7f2663ce96b098d8c5bbc40daec7a6eedde1622b0"
            ],
            "version": "==0.4.1"
        },
        "cwcwidth": {
            "hashes": [
                "sha256:06d84670b94bef8e2f37aaf7c1803b9d0ffb22488a9745c68ad23f5ce2e487ea",
                "sha256:07cecd5ed9e463706926871c08f284ea46669a56f059aff8d4cebf8a6f9949a1",
                "sha256:0d664e2805b54a81b591fe1edaddfb2c86ad3446139e3de439c431f06bbdfe4d",
                "sha256:163ace31c3b42d6f8c4ec26d4b1ca93c854914c097ce6592e7bbcfafd7b6820d",
                "sha256:1c798850df8bcdb500b179e42dd83f2d7a3adbdf30b06f8e06883096c8f50e85",
                "sha256:22ddd632fe3c66f3fdef3dc4e3439db926a7f4e22994df66beccbe3751ddd044",
                "sha256:2887e87582f5d983f95c5884f4a5a541ddbe0625d7254153fd570f5392493085",
                "sha256:2abc8f1917f82b89a3a54f51f810728f939924a725d7b6237bc3d0fe96c4331a",
                "sha256:359a44ecb6cabea8aa677a81804f056df99ae3173ca81d02789c5081f4dfe12b",
                "sha256:403768aedcfc9f23c2f47f2ab78997ea7f7f251cd0e1e19a8e0ef3c49258c1de",
                "sha256:40988ea1d79330c8283e8831f574b6bcc6fe2cc92718e563d8ca0f9eaaa71648",
                "sha256:4741cd7a227c1ce48b248979cb4d93c1b3719df46400eec870afb423f3e934fe",
                "sha256:52692915ebedb8d1f42809318cb254318552e0f87cd7884c2908654a5b8fe5f9",
                "sha256:54b7dd4830753dfa3cc272a76bbcea87a9ccf87f4e40a155e0d4974da3d7aff4",
                "sha256:5d2bc7b02a071d37313b665d2d9b0728832be23d914fe2d424b4d24c5270e52e",
                "sha256:5e906520a3e325288825e4e5605ee8214b66311872de1649f5060e5afaa93674",
                "sha256:5fdf7e8b24b1a8575ab1c61ffcc8c4a5bd9e5445a882f0fe7475cd3a43f7e287",
                "sha256:60d7b0cb1e5f7b243c9afe4394c7a60b519c65a9e33c2e125fdb4af37b812701",
                "sha256:64eafa51cf4c0bba2a392d5edad82edf35dc89c1823415cdf1e11eed27084af2",
                "sha256:8ba166203108e196a9a13c394fa6799d8f3f18dad69a1b98cf7105fcb064194f",
                "sha256:a158173b537325369033093ce4e5738f88f0d1bd718d22f095d5bd959cd08907",
                "sha256:c05106b2c5ac83fa6c525811ad25b6e6ff5a9ee5dc8c886cf7a71a08e08087b3",
                "sha256:c0d647e12e3a4b15a881e1d84f796937516648489e011257237dc2179d6b1951",
                "sha256:d7228a3f795ae703e4c58fda119e6fab63e47449c88255a387547ab0530343cb",
                "sha256:d9c2ebd17a0e939621acc23d8306e6760528470566c89c3f34c3ab22ea18602a",
                "sha256:de752d2c3105e914eddeb6601ef8340716e96eacd07f38a118424430850ef829",
                "sha256:fbd6c27d16b90dc9f06c0958ac03cc7eba7187ae1aaa2ca34716960f77f321a8",
                "sha256:ff273f2d38afbead290c86a673c519020adfdfc33009e813ea00c9836e7891a4",
                "sha256:ff675be51cb5815190384659dbcd16a4e7018df8ca0fcd922d313f1ff68634e4"
            ],
            "version": "==0.1.7"
        },
        "greenlet": {
            "hashes": [
                "sha256:0120a879aa2b1ac5118bce959ea2492ba18783f65ea15821680a256dfad04754",
                "sha256:025b8de2273d2809f027d347aa2541651d2e15d593bbce0d5f502ca438c54136",
                "sha256:05ae7383f968bba4211b1fbfc90158f8e3da86804878442b4fb6c16ccbcaa519",
                "sha256:0914f02fcaa8f84f13b2df4a81645d9e82de21ed95633765dd5cc4d3af9d7403",
                "sha256:0971d37ae0eaf42344e8610d340aa0ad3d06cd2eee381891a10fe771879791f9",
                "sha256:0a954002064ee919b444b19c1185e8cce307a1f20600f47d6f4b6d336972c809",
                "sha256:0aa1845944e62f358d63fcc911ad3b415f585612946b8edc824825929b40e59e",
                "sha256:104f29dd822be678ef6b16bf0035dcd43206a8a48668a6cae4d2fe9c7a7abdeb",
                "sha256:11fc7692d95cc7a6a8447bb160d98671ab291e0a8ea90572d582d57361360f05",
                "sha256:17a69967561269b691747e7f436d75a4def47e5efcbc3c573180fc828e176d80",
                "sha256:2794eef1b04b5ba8948c72cc606aab62ac4b0c538b14806d9c0d88afd0576d6b",
                "sha256:2c6e942ca9835c0b97814d14f78da453241837419e0d26f7403058e8db3e38f8",
                "sha256:2ccdc818cc106cc238ff7eba0d71b9c77be868fdca31d6c3b1347a54c9b187b2",
                "sha256:325f272eb997916b4a3fc1fea7313a8adb760934c2140ce13a2117e1b0a8095d",
                "sha256:39464518a2abe9c505a727af7c0b4efff2cf242aa168be5f0daa47649f4d7ca8",
                "sha256:3a24f3213579dc8459e485e333330a921f579543a5214dbc935bc0763474ece3",
                "sha256:3aeac044c324c1a4027dca0cde550bd83a0c0fbff7ef2c98df9e718a5086c194",
                "sha256:3c22998bfef3fcc1b15694818fc9b1b87c6cc8398198b96b6d355a7bcb8c934e",
                "sha256:467b73ce5dcd89e381292fb4314aede9b12906c18fab903f995b86034d96d5c8",
                "sha256:4a8b58232f5b72973350c2b917ea3df0bebd07c3c82a0a0e34775fc2c1f857e9",
                "sha256:4f74aa0092602da2069df0bc6553919a15169d77bcdab52a21f8c5242898f519",
                "sha256:5662492df0588a51d5690f6578f3bbbd803e7f8d99a99f3bf6128a401be9c269",
                "sha256:5c2d21c2b768d8c86ad935e404cc78c30d53dea009609c3ef3a9d49970c864b5",
                "sha256:5edf75e7fcfa9725064ae0d8407c849456553a181ebefedb7606bac19aa1478b",
                "sha256:60839ab4ea7de6139a3be35b77e22e0398c270020050458b3d25db4c7c394df5",
                "sha256:62723e7eb85fa52e536e516ee2ac91433c7bb60d51099293671815ff49ed1c21",
                "sha256:64e10f303ea354500c927da5b59c3802196a07468332d292aef9ddaca08d03dd",
                "sha256:66aa4e9a726b70bcbfcc446b7ba89c8cec40f405e51422c39f42dfa206a96a05",
                "sha256:695d0d8b5ae42c800f1763c9fce9d7b94ae3b878919379150ee5ba458a460d57",
                "sha256:70048d7b2c07c5eadf8393e6398595591df5f59a2f26abc2f81abca09610492f",
                "sha256:7afa706510ab079fd6d039cc6e369d4535a48e202d042c32e2097f030a16450f",
                "sha256:7cf37343e43404699d58808e51f347f57efd3010cc7cee134cdb9141bd1ad9ea",
                "sha256:8149a6865b14c33be7ae760bcdb73548bb01e8e47ae15e013bf7ef9290ca309a",
                "sha256:814f26b864ed2230d3a7efe0336f5766ad012f94aad6ba43a7c54ca88dd77cba",
                "sha256:82a38d7d2077128a017094aff334e67e26194f46bd709f9dcdacbf3835d47ef5",
                "sha256:83a7a6560df073ec9de2b7cb685b199dfd12519bc0020c62db9d1bb522f989fa",
                "sha256:8415239c68b2ec9de10a5adf1130ee9cb0ebd3e19573c55ba160ff0ca809e012",
                "sha256:88720794390002b0c8fa29e9602b395093a9a766b229a847e8d88349e418b28a",
                "sha256:890f633dc8cb307761ec566bc0b4e350a93ddd77dc172839be122be12bae3e10",
                "sha256:8926a78192b8b73c936f3e87929931455a6a6c6c385448a07b9f7d1072c19ff3",
                "sha256:8c0581077cf2734569f3e500fab09c0ff6a2ab99b1afcacbad09b3c2843ae743",
                "sha256:8fda1139d87ce5f7bd80e80e54f9f2c6fe2f47983f1a6f128c47bf310197deb6",
                "sha256:91a84faf718e6f8b888ca63d0b2d6d185c8e2a198d2a7322d75c303e7097c8b7",
                "sha256:924df1e7e5db27d19b1359dc7d052a917529c95ba5b8b62f4af611176da7c8ad",
                "sha256:949c9061b8c6d3e6e439466a9be1e787208dec6246f4ec5fffe9677b4c19fcc3",
                "sha256:9649891ab4153f217f319914455ccf0b86986b55fc0573ce803eb998ad7d6854",
                "sha256:96656c5f7c95fc02c36d4f6ef32f4e94bb0b6b36e6a002c21c39785a4eec5f5d",
                "sha256:a812df7282a8fc717eafd487fccc5ba40ea83bb5b13eb3c90c446d88dbdfd2be",
                "sha256:a8d24eb5cb67996fb84633fdc96dbc04f2d8b12bfcb20ab3222d6be271616b67",
                "sha256:bef49c07fcb411c942da6ee7d7ea37430f830c482bf6e4b72d92fd506dd3a427",
                "sha256:bffba15cff4802ff493d6edcf20d7f94ab1c2aee7cfc1e1c7627c05f1102eee8",
                "sha256:c0643250dd0756f4960633f5359884f609a234d4066686754e834073d84e9b51",
                "sha256:c6f90234e4438062d6d09f7d667f79edcc7c5e354ba3a145ff98176f974b8132",
                "sha256:c8c9301e3274276d3d20ab6335aa7c5d9e5da2009cccb01127bddb5c951f8870",
                "sha256:c8ece5d1a99a2adcb38f69af2f07d96fb615415d32820108cd340361f590d128",
                "sha256:cb863057bed786f6622982fb8b2c122c68e6e9eddccaa9fa98fd937e45ee6c4f",
                "sha256:ccbe7129a282ec5797df0451ca1802f11578be018a32979131065565da89b392",
                "sha256:d25cdedd72aa2271b984af54294e9527306966ec18963fd032cc851a725ddc1b",
                "sha256:d75afcbb214d429dacdf75e03a1d6d6c5bd1fa9c35e360df8ea5b6270fb2211c",
                "sha256:d7815e1519a8361c5ea2a7a5864945906f8e386fa1bc26797b4d443ab11a4589",
                "sha256:eb6ac495dccb1520667cfea50d89e26f9ffb49fa28496dea2b95720d8b45eb54",
                "sha256:ec615d2912b9ad807afd3be80bf32711c0ff9c2b00aa004a45fd5d5dde7853d9",
                "sha256:f5e09dc5c6e1796969fd4b775ea1417d70e49a5df29aaa8e5d10675d9e11872c",
                "sha256:f6661b58412879a2aa099abb26d3c93e91dedaba55a6394d1fb1512a77e85de9",
                "sha256:f7d20c3267385236b4ce54575cc8e9f43e7673fc761b069c820097092e318e3b",
                "sha256:fe7c51f8a2ab616cb34bc33d810c887e89117771028e1e3d3b77ca25ddeace04"
            ],
            "version": "==1.1.3.post0"
        },
        "idna": {
            "hashes": [
                "sha256:814f528e8dead7d329833b91c5faa87d60bf71824cd12a7530b5526063d02cb4",
                "sha256:90b77e79eaa3eba6de819a0c442c0b4ceefc341a7a2ab77d7562bf49f425c5c2"
            ],
            "version": "==3.4"
        },
        "numpy": {
            "hashes": [
                "sha256:0fe563fc8ed9dc4474cbf70742673fc4391d70f4363f917599a7fa99f042d5a8",
                "sha256:12ac457b63ec8ded85d85c1e17d85efd3c2b0967ca39560b307a35a6703a4735",
                "sha256:2341f4ab6dba0834b685cce16dad5f9b6606ea8a00e6da154f5dbded70fdc4dd",
                "sha256:296d17aed51161dbad3c67ed6d164e51fcd18dbcd5dd4f9d0a9c6055dce30810",
                "sha256:488a66cb667359534bc70028d653ba1cf307bae88eab5929cd707c761ff037db",
                "sha256:4d52914c88b4930dafb6c48ba5115a96cbab40f45740239d9f4159c4ba779962",
                "sha256:5e13030f8793e9ee42f9c7d5777465a560eb78fa7e11b1c053427f2ccab90c79",
                "sha256:61be02e3bf810b60ab74e81d6d0d36246dbfb644a462458bb53b595791251911",
                "sha256:7607b598217745cc40f751da38ffd03512d33ec06f3523fb0b5f82e09f6f676d",
                "sha256:7a70a7d3ce4c0e9284e92285cba91a4a3f5214d87ee0e95928f3614a256a1488",
                "sha256:7ab46e4e7ec63c8a5e6dbf5c1b9e1c92ba23a7ebecc86c336cb7bf3bd2fb10e5",
                "sha256:8981d9b5619569899666170c7c9748920f4a5005bf79c72c07d08c8a035757b0",
                "sha256:8c053d7557a8f022ec823196d242464b6955a7e7e5015b719e76003f63f82d0f",
                "sha256:926db372bc4ac1edf81cfb6c59e2a881606b409ddc0d0920b988174b2e2a767f",
                "sha256:95d79ada05005f6f4f337d3bb9de8a7774f259341c70bc88047a1f7b96a4bcb2",
                "sha256:95de7dc7dc47a312f6feddd3da2500826defdccbc41608d0031276a24181a2c0",
                "sha256:a0882323e0ca4245eb0a3d0a74f88ce581cc33aedcfa396e415e5bba7bf05f68",
                "sha256:a8365b942f9c1a7d0f0dc974747d99dd0a0cdfc5949a33119caf05cb314682d3",
                "sha256:a8aae2fb3180940011b4862b2dd3756616841c53db9734b27bb93813cd79fce6",
                "sha256:c237129f0e732885c9a6076a537e974160482eab8f10db6292e92154d4c67d71",
                "sha256:c67b833dbccefe97cdd3f52798d430b9d3430396af7cdb2a0c32954c3ef73894",
                "sha256:ce03305dd694c4873b9429274fd41fc7eb4e0e4dea07e0af97a933b079a5814f",
                "sha256:d331afac87c92373826af83d2b2b435f57b17a5c74e6268b79355b970626e329",
                "sha256:dada341ebb79619fe00a291185bba370c9803b1e1d7051610e01ed809ef3a4ba",
                "sha256:ed2cc92af0efad20198638c69bb0fc2870a58dabfba6eb722c933b48556c686c",
                "sha256:f260da502d7441a45695199b4e7fd8ca87db659ba1c78f2bbf31f934fe76ae0e",
                "sha256:f2f390aa4da44454db40a1f0201401f9036e8d578a25f01a6e237cea238337ef",
                "sha256:f76025acc8e2114bb664294a07ede0727aa75d63a06d2fae96bf29a81747e4a7"
            ],
            "index": "pypi",
            "version": "==1.23.4"
        },
        "pycodestyle": {
            "hashes": [
                "sha256:2c9607871d58c76354b697b42f5d57e1ada7d261c261efac224b664affdc5785",
                "sha256:d1735fc58b418fd7c5f658d28d943854f8a849b01a5d0a1e6f3f3fdd0166804b"
            ],
            "index": "pypi",
            "version": "==2.9.1"
        },
        "pygments": {
            "hashes": [
                "sha256:56a8508ae95f98e2b9bdf93a6be5ae3f7d8af858b43e02c5a2ff083726be40c1",
                "sha256:f643f331ab57ba3c9d89212ee4a2dabc6e94f117cf4eefde99a0574720d14c42"
            ],
            "version": "==2.13.0"
        },
        "pyxdg": {
            "hashes": [
                "sha256:3267bb3074e934df202af2ee0868575484108581e6f3cb006af1da35395e88b4",
                "sha256:bdaf595999a0178ecea4052b7f4195569c1ff4d344567bccdc12dfdf02d545ab"
            ],
            "version": "==0.28"
        },
        "requests": {
            "hashes": [
                "sha256:7c5599b102feddaa661c826c56ab4fee28bfd17f5abca1ebbe3e7f19d7c97983",
                "sha256:8fefa2a1a1365bf5520aac41836fbee479da67864514bdb821f31ce07ce65349"
            ],
            "index": "pypi",
            "version": "==2.28.1"
        },
        "six": {
            "hashes": [
                "sha256:1e61c37477a1626458e36f7b1d82aa5c9b094fa4802892072e49de9c60c4c926",
                "sha256:8abb2f1d86890a2dfb989f9a77cfcfd3e47c2a354b01111771326f8aa26e0254"
            ],
            "version": "==1.16.0"
        },
        "urllib3": {
            "hashes": [
                "sha256:3fa96cf423e6987997fc326ae8df396db2a8b7c667747d47ddd8ecba91f4a74e",
                "sha256:b930dd878d5a8afb066a637fbb35144fe7901e3b209d1cd4f524bd0e9deee997"
            ],
            "version": "==1.26.12"
        },
        "wcwidth": {
            "hashes": [
                "sha256:beb4802a9cebb9144e99086eff703a642a13d6a0052920003a230f3294bbe784",
                "sha256:c4d647b99872929fdb7bdcaa4fbe7f01413ed3d98077df798530e5b04f116c83"
            ],
            "version": "==0.2.5"
        }
    },
    "develop": {
        "blessed": {
            "hashes": [
                "sha256:63b8554ae2e0e7f43749b6715c734cc8f3883010a809bf16790102563e6cf25b",
                "sha256:9a0d099695bf621d4680dd6c73f6ad547f6a3442fbdbe80c4b1daa1edbc492fc"
            ],
            "version": "==1.19.1"
        },
        "bpython": {
            "hashes": [
                "sha256:72aab438052439ac89b471c4ee2a8fba6a0a082a51b0f70826e88cc0e7723298",
                "sha256:9f0078abc887c48af088691e2f64797d6ca994ac0f4bc03c38d06f657d7c052a"
            ],
            "index": "pypi",
            "version": "==0.23"
        },
        "certifi": {
            "hashes": [
                "sha256:0d9c601124e5a6ba9712dbc60d9c53c21e34f5f641fe83002317394311bdce14",
                "sha256:90c1a32f1d68f940488354e36370f6cca89f0f106db09518524c88d6ed83f382"
            ],
            "version": "==2022.9.24"
        },
        "charset-normalizer": {
            "hashes": [
                "sha256:5a3d016c7c547f69d6f81fb0db9449ce888b418b5b9952cc5e6e66843e9dd845",
                "sha256:83e9a75d1911279afd89352c68b45348559d1fc0506b054b346651b5e7fee29f"
            ],
            "version": "==2.1.1"
        },
        "curtsies": {
            "hashes": [
                "sha256:62d10f349c553845306556a7f2663ce96b098d8c5bbc40daec7a6eedde1622b0"
            ],
            "version": "==0.4.1"
        },
        "cwcwidth": {
            "hashes": [
                "sha256:06d84670b94bef8e2f37aaf7c1803b9d0ffb22488a9745c68ad23f5ce2e487ea",
                "sha256:07cecd5ed9e463706926871c08f284ea46669a56f059aff8d4cebf8a6f9949a1",
                "sha256:0d664e2805b54a81b591fe1edaddfb2c86ad3446139e3de439c431f06bbdfe4d",
                "sha256:163ace31c3b42d6f8c4ec26d4b1ca93c854914c097ce6592e7bbcfafd7b6820d",
                "sha256:1c798850df8bcdb500b179e42dd83f2d7a3adbdf30b06f8e06883096c8f50e85",
                "sha256:22ddd632fe3c66f3fdef3dc4e3439db926a7f4e22994df66beccbe3751ddd044",
                "sha256:2887e87582f5d983f95c5884f4a5a541ddbe0625d7254153fd570f5392493085",
                "sha256:2abc8f1917f82b89a3a54f51f810728f939924a725d7b6237bc3d0fe96c4331a",
                "sha256:359a44ecb6cabea8aa677a81804f056df99ae3173ca81d02789c5081f4dfe12b",
                "sha256:403768aedcfc9f23c2f47f2ab78997ea7f7f251cd0e1e19a8e0ef3c49258c1de",
                "sha256:40988ea1d79330c8283e8831f574b6bcc6fe2cc92718e563d8ca0f9eaaa71648",
                "sha256:4741cd7a227c1ce48b248979cb4d93c1b3719df46400eec870afb423f3e934fe",
                "sha256:52692915ebedb8d1f42809318cb254318552e0f87cd7884c2908654a5b8fe5f9",
                "sha256:54b7dd4830753dfa3cc272a76bbcea87a9ccf87f4e40a155e0d4974da3d7aff4",
                "sha256:5d2bc7b02a071d37313b665d2d9b0728832be23d914fe2d424b4d24c5270e52e",
                "sha256:5e906520a3e325288825e4e5605ee8214b66311872de1649f5060e5afaa93674",
                "sha256:5fdf7e8b24b1a8575ab1c61ffcc8c4a5bd9e5445a882f0fe7475cd3a43f7e287",
                "sha256:60d7b0cb1e5f7b243c9afe4394c7a60b519c65a9e33c2e125fdb4af37b812701",
                "sha256:64eafa51cf4c0bba2a392d5edad82edf35dc89c1823415cdf1e11eed27084af2",
                "sha256:8ba166203108e196a9a13c394fa6799d8f3f18dad69a1b98cf7105fcb064194f",
                "sha256:a158173b537325369033093ce4e5738f88f0d1bd718d22f095d5bd959cd08907",
                "sha256:c05106b2c5ac83fa6c525811ad25b6e6ff5a9ee5dc8c886cf7a71a08e08087b3",
                "sha256:c0d647e12e3a4b15a881e1d84f796937516648489e011257237dc2179d6b1951",
                "sha256:d7228a3f795ae703e4c58fda119e6fab63e47449c88255a387547ab0530343cb",
                "sha256:d9c2ebd17a0e939621acc23d8306e6760528470566c89c3f34c3ab22ea18602a",
                "sha256:de752d2c3105e914eddeb6601ef8340716e96eacd07f38a118424430850ef829",
                "sha256:fbd6c27d16b90dc9f06c0958ac03cc7eba7187ae1aaa2ca34716960f77f321a8",
                "sha256:ff273f2d38afbead290c86a673c519020adfdfc33009e813ea00c9836e7891a4",
                "sha256:ff675be51cb5815190384659dbcd16a4e7018df8ca0fcd922d313f1ff68634e4"
            ],
            "version": "==0.1.7"
        },
        "greenlet": {
            "hashes": [
                "sha256:0120a879aa2b1ac5118bce959ea2492ba18783f65ea15821680a256dfad04754",
                "sha256:025b8de2273d2809f027d347aa2541651d2e15d593bbce0d5f502ca438c54136",
                "sha256:05ae7383f968bba4211b1fbfc90158f8e3da86804878442b4fb6c16ccbcaa519",
                "sha256:0914f02fcaa8f84f13b2df4a81645d9e82de21ed95633765dd5cc4d3af9d7403",
                "sha256:0971d37ae0eaf42344e8610d340aa0ad3d06cd2eee381891a10fe771879791f9",
                "sha256:0a954002064ee919b444b19c1185e8cce307a1f20600f47d6f4b6d336972c809",
                "sha256:0aa1845944e62f358d63fcc911ad3b415f585612946b8edc824825929b40e59e",
                "sha256:104f29dd822be678ef6b16bf0035dcd43206a8a48668a6cae4d2fe9c7a7abdeb",
                "sha256:11fc7692d95cc7a6a8447bb160d98671ab291e0a8ea90572d582d57361360f05",
                "sha256:17a69967561269b691747e7f436d75a4def47e5efcbc3c573180fc828e176d80",
                "sha256:2794eef1b04b5ba8948c72cc606aab62ac4b0c538b14806d9c0d88afd0576d6b",
                "sha256:2c6e942ca9835c0b97814d14f78da453241837419e0d26f7403058e8db3e38f8",
                "sha256:2ccdc818cc106cc238ff7eba0d71b9c77be868fdca31d6c3b1347a54c9b187b2",
                "sha256:325f272eb997916b4a3fc1fea7313a8adb760934c2140ce13a2117e1b0a8095d",
                "sha256:39464518a2abe9c505a727af7c0b4efff2cf242aa168be5f0daa47649f4d7ca8",
                "sha256:3a24f3213579dc8459e485e333330a921f579543a5214dbc935bc0763474ece3",
                "sha256:3aeac044c324c1a4027dca0cde550bd83a0c0fbff7ef2c98df9e718a5086c194",
                "sha256:3c22998bfef3fcc1b15694818fc9b1b87c6cc8398198b96b6d355a7bcb8c934e",
                "sha256:467b73ce5dcd89e381292fb4314aede9b12906c18fab903f995b86034d96d5c8",
                "sha256:4a8b58232f5b72973350c2b917ea3df0bebd07c3c82a0a0e34775fc2c1f857e9",
                "sha256:4f74aa0092602da2069df0bc6553919a15169d77bcdab52a21f8c5242898f519",
                "sha256:5662492df0588a51d5690f6578f3bbbd803e7f8d99a99f3bf6128a401be9c269",
                "sha256:5c2d21c2b768d8c86ad935e404cc78c30d53dea009609c3ef3a9d49970c864b5",
                "sha256:5edf75e7fcfa9725064ae0d8407c849456553a181ebefedb7606bac19aa1478b",
                "sha256:60839ab4ea7de6139a3be35b77e22e0398c270020050458b3d25db4c7c394df5",
                "sha256:62723e7eb85fa52e536e516ee2ac91433c7bb60d51099293671815ff49ed1c21",
                "sha256:64e10f303ea354500c927da5b59c3802196a07468332d292aef9ddaca08d03dd",
                "sha256:66aa4e9a726b70bcbfcc446b7ba89c8cec40f405e51422c39f42dfa206a96a05",
                "sha256:695d0d8b5ae42c800f1763c9fce9d7b94ae3b878919379150ee5ba458a460d57",
                "sha256:70048d7b2c07c5eadf8393e6398595591df5f59a2f26abc2f81abca09610492f",
                "sha256:7afa706510ab079fd6d039cc6e369d4535a48e202d042c32e2097f030a16450f",
                "sha256:7cf37343e43404699d58808e51f347f57efd3010cc7cee134cdb9141bd1ad9ea",
                "sha256:8149a6865b14c33be7ae760bcdb73548bb01e8e47ae15e013bf7ef9290ca309a",
                "sha256:814f26b864ed2230d3a7efe0336f5766ad012f94aad6ba43a7c54ca88dd77cba",
                "sha256:82a38d7d2077128a017094aff334e67e26194f46bd709f9dcdacbf3835d47ef5",
                "sha256:83a7a6560df073ec9de2b7cb685b199dfd12519bc0020c62db9d1bb522f989fa",
                "sha256:8415239c68b2ec9de10a5adf1130ee9cb0ebd3e19573c55ba160ff0ca809e012",
                "sha256:88720794390002b0c8fa29e9602b395093a9a766b229a847e8d88349e418b28a",
                "sha256:890f633dc8cb307761ec566bc0b4e350a93ddd77dc172839be122be12bae3e10",
                "sha256:8926a78192b8b73c936f3e87929931455a6a6c6c385448a07b9f7d1072c19ff3",
                "sha256:8c0581077cf2734569f3e500fab09c0ff6a2ab99b1afcacbad09b3c2843ae743",
                "sha256:8fda1139d87ce5f7bd80e80e54f9f2c6fe2f47983f1a6f128c47bf310197deb6",
                "sha256:91a84faf718e6f8b888ca63d0b2d6d185c8e2a198d2a7322d75c303e7097c8b7",
                "sha256:924df1e7e5db27d19b1359dc7d052a917529c95ba5b8b62f4af611176da7c8ad",
                "sha256:949c9061b8c6d3e6e439466a9be1e787208dec6246f4ec5fffe9677b4c19fcc3",
                "sha256:9649891ab4153f217f319914455ccf0b86986b55fc0573ce803eb998ad7d6854",
                "sha256:96656c5f7c95fc02c36d4f6ef32f4e94bb0b6b36e6a002c21c39785a4eec5f5d",
                "sha256:a812df7282a8fc717eafd487fccc5ba40ea83bb5b13eb3c90c446d88dbdfd2be",
                "sha256:a8d24eb5cb67996fb84633fdc96dbc04f2d8b12bfcb20ab3222d6be271616b67",
                "sha256:bef49c07fcb411c942da6ee7d7ea37430f830c482bf6e4b72d92fd506dd3a427",
                "sha256:bffba15cff4802ff493d6edcf20d7f94ab1c2aee7cfc1e1c7627c05f1102eee8",
                "sha256:c0643250dd0756f4960633f5359884f609a234d4066686754e834073d84e9b51",
                "sha256:c6f90234e4438062d6d09f7d667f79edcc7c5e354ba3a145ff98176f974b8132",
                "sha256:c8c9301e3274276d3d20ab6335aa7c5d9e5da2009cccb01127bddb5c951f8870",
                "sha256:c8ece5d1a99a2adcb38f69af2f07d96fb615415d32820108cd340361f590d128",
                "sha256:cb863057bed786f6622982fb8b2c122c68e6e9eddccaa9fa98fd937e45ee6c4f",
                "sha256:ccbe7129a282ec5797df0451ca1802f11578be018a32979131065565da89b392",
                "sha256:d25cdedd72aa2271b984af54294e9527306966ec18963fd032cc851a725ddc1b",
                "sha256:d75afcbb214d429dacdf75e03a1d6d6c5bd1fa9c35e360df8ea5b6270fb2211c",
                "sha256:d7815e1519a8361c5ea2a7a5864945906f8e386fa1bc26797b4d443ab11a4589",
                "sha256:eb6ac495dccb1520667cfea50d89e26f9ffb49fa28496dea2b95720d8b45eb54",
                "sha256:ec615d2912b9ad807afd3be80bf32711c0ff9c2b00aa004a45fd5d5dde7853d9",
                "sha256:f5e09dc5c6e1796969fd4b775ea1417d70e49a5df29aaa8e5d10675d9e11872c",
                "sha256:f6661b58412879a2aa099abb26d3c93e91dedaba55a6394d1fb1512a77e85de9",
                "sha256:f7d20c3267385236b4ce54575cc8e9f43e7673fc761b069c820097092e318e3b",
                "sha256:fe7c51f8a2ab616cb34bc33d810c887e89117771028e1e3d3b77ca25ddeace04"
            ],
            "version": "==1.1.3.post0"
        },
        "idna": {
            "hashes": [
                "sha256:814f528e8dead7d329833b91c5faa87d60bf71824cd12a7530b5526063d02cb4",
                "sha256:90b77e79eaa3eba6de819a0c442c0b4ceefc341a7a2ab77d7562bf49f425c5c2"
            ],
            "version": "==3.4"
        },
        "numpy": {
            "hashes": [
                "sha256:0fe563fc8ed9dc4474cbf70742673fc4391d70f4363f917599a7fa99f042d5a8",
                "sha256:12ac457b63ec8ded85d85c1e17d85efd3c2b0967ca39560b307a35a6703a4735",
                "sha256:2341f4ab6dba0834b685cce16dad5f9b6606ea8a00e6da154f5dbded70fdc4dd",
                "sha256:296d17aed51161dbad3c67ed6d164e51fcd18dbcd5dd4f9d0a9c6055dce30810",
                "sha256:488a66cb667359534bc70028d653ba1cf307bae88eab5929cd707c761ff037db",
                "sha256:4d52914c88b4930dafb6c48ba5115a96cbab40f45740239d9f4159c4ba779962",
                "sha256:5e13030f8793e9ee42f9c7d5777465a560eb78fa7e11b1c053427f2ccab90c79",
                "sha256:61be02e3bf810b60ab74e81d6d0d36246dbfb644a462458bb53b595791251911",
                "sha256:7607b598217745cc40f751da38ffd03512d33ec06f3523fb0b5f82e09f6f676d",
                "sha256:7a70a7d3ce4c0e9284e92285cba91a4a3f5214d87ee0e95928f3614a256a1488",
                "sha256:7ab46e4e7ec63c8a5e6dbf5c1b9e1c92ba23a7ebecc86c336cb7bf3bd2fb10e5",
                "sha256:8981d9b5619569899666170c7c9748920f4a5005bf79c72c07d08c8a035757b0",
                "sha256:8c053d7557a8f022ec823196d242464b6955a7e7e5015b719e76003f63f82d0f",
                "sha256:926db372bc4ac1edf81cfb6c59e2a881606b409ddc0d0920b988174b2e2a767f",
                "sha256:95d79ada05005f6f4f337d3bb9de8a7774f259341c70bc88047a1f7b96a4bcb2",
                "sha256:95de7dc7dc47a312f6feddd3da2500826defdccbc41608d0031276a24181a2c0",
                "sha256:a0882323e0ca4245eb0a3d0a74f88ce581cc33aedcfa396e415e5bba7bf05f68",
                "sha256:a8365b942f9c1a7d0f0dc974747d99dd0a0cdfc5949a33119caf05cb314682d3",
                "sha256:a8aae2fb3180940011b4862b2dd3756616841c53db9734b27bb93813cd79fce6",
                "sha256:c237129f0e732885c9a6076a537e974160482eab8f10db6292e92154d4c67d71",
                "sha256:c67b833dbccefe97cdd3f52798d430b9d3430396af7cdb2a0c32954c3ef73894",
                "sha256:ce03305dd694c4873b9429274fd41fc7eb4e0e4dea07e0af97a933b079a5814f",
                "sha256:d331afac87c92373826af83d2b2b435f57b17a5c74e6268b79355b970626e329",
                "sha256:dada341ebb79619fe00a291185bba370c9803b1e1d7051610e01ed809ef3a4ba",
                "sha256:ed2cc92af0efad20198638c69bb0fc2870a58dabfba6eb722c933b48556c686c",
                "sha256:f260da502d7441a45695199b4e7fd8ca87db659ba1c78f2bbf31f934fe76ae0e",
                "sha256:f2f390aa4da44454db40a1f0201401f9036e8d578a25f01a6e237cea238337ef",
                "sha256:f76025acc8e2114bb664294a07ede0727aa75d63a06d2fae96bf29a81747e4a7"
            ],
            "index": "pypi",
            "version": "==1.23.4"
        },
        "pygments": {
            "hashes": [
                "sha256:56a8508ae95f98e2b9bdf93a6be5ae3f7d8af858b43e02c5a2ff083726be40c1",
                "sha256:f643f331ab57ba3c9d89212ee4a2dabc6e94f117cf4eefde99a0574720d14c42"
            ],
            "version": "==2.13.0"
        },
        "pyxdg": {
            "hashes": [
                "sha256:3267bb3074e934df202af2ee0868575484108581e6f3cb006af1da35395e88b4",
                "sha256:bdaf595999a0178ecea4052b7f4195569c1ff4d344567bccdc12dfdf02d545ab"
            ],
            "version": "==0.28"
        },
        "requests": {
            "hashes": [
                "sha256:7c5599b102feddaa661c826c56ab4fee28bfd17f5abca1ebbe3e7f19d7c97983",
                "sha256:8fefa2a1a1365bf5520aac41836fbee479da67864514bdb821f31ce07ce65349"
            ],
            "index": "pypi",
            "version": "==2.28.1"
        },
        "six": {
            "hashes": [
                "sha256:1e61c37477a1626458e36f7b1d82aa5c9b094fa4802892072e49de9c60c4c926",
                "sha256:8abb2f1d86890a2dfb989f9a77cfcfd3e47c2a354b01111771326f8aa26e0254"
            ],
            "version": "==1.16.0"
        },
        "urllib3": {
            "hashes": [
                "sha256:3fa96cf423e6987997fc326ae8df396db2a8b7c667747d47ddd8ecba91f4a74e",
                "sha256:b930dd878d5a8afb066a637fbb35144fe7901e3b209d1cd4f524bd0e9deee997"
            ],
            "version": "==1.26.12"
        },
        "wcwidth": {
            "hashes": [
                "sha256:beb4802a9cebb9144e99086eff703a642a13d6a0052920003a230f3294bbe784",
                "sha256:c4d647b99872929fdb7bdcaa4fbe7f01413ed3d98077df798530e5b04f116c83"
            ],
            "version": "==0.2.5"
        }
    }
}
